<?xml version="1.0" encoding="utf-8"?>
<Project ToolsVersion="4.0" xmlns="http://schemas.microsoft.com/developer/msbuild/2003">
  <ItemGroup>
    <Filter Include="Source Files">
      <UniqueIdentifier>{4FC737F1-C7A5-4376-A066-2A32D752A2FF}</UniqueIdentifier>
      <Extensions>cpp;c;cc;cxx;def;odl;idl;hpj;bat;asm;asmx</Extensions>
    </Filter>
    <Filter Include="Header Files">
      <UniqueIdentifier>{93995380-89BD-4b04-88EB-625FBE52EBFB}</UniqueIdentifier>
      <Extensions>h;hh;hpp;hxx;hm;inl;inc;xsd</Extensions>
    </Filter>
    <Filter Include="Resource Files">
      <UniqueIdentifier>{67DA6AB6-F800-4c08-8B7A-83BB121AAD01}</UniqueIdentifier>
      <Extensions>rc;ico;cur;bmp;dlg;rc2;rct;bin;rgs;gif;jpg;jpeg;jpe;resx;tiff;tif;png;wav;mfcribbon-ms</Extensions>
    </Filter>
    <Filter Include="Shaders">
      <UniqueIdentifier>{b0d58238-e97c-4ec4-a8c7-44de9c37fe86}</UniqueIdentifier>
    </Filter>
  </ItemGroup>
  <ItemGroup>
    <ClCompile Include="..\main.cpp">
      <Filter>Source Files</Filter>
    </ClCompile>
    <ClCompile Include="..\Cube.cpp">
      <Filter>Source Files</Filter>
    </ClCompile>
    <ClCompile Include="..\Slatissima.cpp">
      <Filter>Source Files</Filter>
    </ClCompile>
    <ClCompile Include="..\GLFWInputBroadcaster.cpp">
      <Filter>Source Files</Filter>
    </ClCompile>
    <ClCompile Include="..\PhysicsSystem.cpp">
      <Filter>Source Files</Filter>
    </ClCompile>
    <ClCompile Include="..\systems\Factory.cpp">
      <Filter>Source Files</Filter>
    </ClCompile>
    <ClCompile Include="..\systems\GLFWInputSystem.cpp">
      <Filter>Source Files</Filter>
    </ClCompile>
    <ClCompile Include="..\core\Engine.cpp">
      <Filter>Source Files</Filter>
    </ClCompile>
    <ClCompile Include="..\core\Entity.cpp">
      <Filter>Source Files</Filter>
    </ClCompile>
  </ItemGroup>
  <ItemGroup>
    <None Include="..\shaders\lamp.frag">
      <Filter>Shaders</Filter>
    </None>
    <None Include="..\shaders\lamp.vs">
      <Filter>Shaders</Filter>
    </None>
    <None Include="..\shaders\multiple_lights.frag">
      <Filter>Shaders</Filter>
    </None>
    <None Include="..\shaders\multiple_lights.vs">
      <Filter>Shaders</Filter>
    </None>
    <None Include="..\shaders\normals.frag">
      <Filter>Shaders</Filter>
    </None>
    <None Include="..\shaders\normals.geom">
      <Filter>Shaders</Filter>
    </None>
    <None Include="..\shaders\normals.vs">
      <Filter>Shaders</Filter>
    </None>
    <None Include="..\shaders\explode.frag">
      <Filter>Shaders</Filter>
    </None>
    <None Include="..\shaders\explode.geom">
      <Filter>Shaders</Filter>
    </None>
    <None Include="..\shaders\explode.vs">
      <Filter>Shaders</Filter>
    </None>
    <None Include="..\shaders\line.frag">
      <Filter>Shaders</Filter>
    </None>
    <None Include="..\shaders\line.vs">
      <Filter>Shaders</Filter>
    </None>
  </ItemGroup>
  <ItemGroup>
    <ClInclude Include="..\Cube.h">
      <Filter>Header Files</Filter>
    </ClInclude>
    <ClInclude Include="..\Slatissima.h">
      <Filter>Header Files</Filter>
    </ClInclude>
    <ClInclude Include="..\..\include\glSkel\GeometryStrip.h">
      <Filter>Header Files</Filter>
    </ClInclude>
    <ClInclude Include="..\..\include\glSkel\Gabor.h">
      <Filter>Header Files</Filter>
    </ClInclude>
    <ClInclude Include="..\..\include\glSkel\mesh.h">
      <Filter>Header Files</Filter>
    </ClInclude>
    <ClInclude Include="..\GaborTest.h">
      <Filter>Header Files</Filter>
    </ClInclude>
    <ClInclude Include="..\..\include\glSkel\TorusMesh.h">
      <Filter>Header Files</Filter>
    </ClInclude>
    <ClInclude Include="..\..\include\glSkel\BulletDebugDrawer.h">
      <Filter>Header Files</Filter>
    </ClInclude>
    <ClInclude Include="..\..\include\glSkel\Subject.h">
      <Filter>Header Files</Filter>
    </ClInclude>
    <ClInclude Include="..\..\include\glSkel\Observer.h">
      <Filter>Header Files</Filter>
    </ClInclude>
    <ClInclude Include="..\GLFWInputBroadcaster.h">
      <Filter>Header Files</Filter>
    </ClInclude>
    <ClInclude Include="..\..\include\glSkel\Settings.h">
      <Filter>Header Files</Filter>
    </ClInclude>
    <ClInclude Include="..\PhysicsSystem.h">
      <Filter>Header Files</Filter>
    </ClInclude>
    <ClInclude Include="..\..\include\glSkel\Object.h">
      <Filter>Header Files</Filter>
    </ClInclude>
    <ClInclude Include="..\systems\Factory.h">
      <Filter>Header Files</Filter>
    </ClInclude>
    <ClInclude Include="..\systems\GLFWInputSystem.h">
      <Filter>Header Files</Filter>
    </ClInclude>
    <ClInclude Include="..\core\Component.h">
      <Filter>Header Files</Filter>
    </ClInclude>
    <ClInclude Include="..\core\Engine.h">
      <Filter>Header Files</Filter>
    </ClInclude>
    <ClInclude Include="..\core\Entity.h">
      <Filter>Header Files</Filter>
    </ClInclude>
    <ClInclude Include="..\core\Message.h">
      <Filter>Header Files</Filter>
    </ClInclude>
    <ClInclude Include="..\core\System.h">
      <Filter>Header Files</Filter>
    </ClInclude>
    <ClInclude Include="..\core\Broadcaster.h">
      <Filter>Header Files</Filter>
    </ClInclude>
    <ClInclude Include="..\core\Listener.h">
      <Filter>Header Files</Filter>
    </ClInclude>
    <ClInclude Include="..\core\Events.h">
      <Filter>Header Files</Filter>
    </ClInclude>
    <ClInclude Include="..\components\KeyboardComponent.h">
      <Filter>Header Files</Filter>
    </ClInclude>
    <ClInclude Include="..\components\MouseComponent.h">
      <Filter>Header Files</Filter>
    </ClInclude>
  </ItemGroup>
</Project>